
Microsoft Visual Studio Solution File, Format Version 12.00
# Visual Studio 15
VisualStudioVersion = 15.0.26124.0
MinimumVisualStudioVersion = 15.0.26124.0
Project("{FAE04EC0-301F-11D3-BF4B-00C04F79EFBC}") = "PersonalizedMusicManager.Core", "PersonalizedMusicManager.Core\PersonalizedMusicManager.Core.csproj", "{A8DA9F56-5826-4161-9062-AC1F4B4B1BAD}"
EndProject
Project("{FAE04EC0-301F-11D3-BF4B-00C04F79EFBC}") = "PersonalizedMusicManager.CLI", "PersonalizedMusicManager.CLI\PersonalizedMusicManager.CLI.csproj", "{0D8F2852-10C6-425D-AA87-6E133D5803AF}"
EndProject
Global
	GlobalSection(SolutionConfigurationPlatforms) = preSolution
		Debug|Any CPU = Debug|Any CPU
		Debug|x64 = Debug|x64
		Debug|x86 = Debug|x86
		Release|Any CPU = Release|Any CPU
		Release|x64 = Release|x64
		Release|x86 = Release|x86
	EndGlobalSection
	GlobalSection(SolutionProperties) = preSolution
		HideSolutionNode = FALSE
	EndGlobalSection
	GlobalSection(ProjectConfigurationPlatforms) = postSolution
		{A8DA9F56-5826-4161-9062-AC1F4B4B1BAD}.Debug|Any CPU.ActiveCfg = Debug|Any CPU
		{A8DA9F56-5826-4161-9062-AC1F4B4B1BAD}.Debug|Any CPU.Build.0 = Debug|Any CPU
		{A8DA9F56-5826-4161-9062-AC1F4B4B1BAD}.Debug|x64.ActiveCfg = Debug|Any CPU
		{A8DA9F56-5826-4161-9062-AC1F4B4B1BAD}.Debug|x64.Build.0 = Debug|Any CPU
		{A8DA9F56-5826-4161-9062-AC1F4B4B1BAD}.Debug|x86.ActiveCfg = Debug|Any CPU
		{A8DA9F56-5826-4161-9062-AC1F4B4B1BAD}.Debug|x86.Build.0 = Debug|Any CPU
		{A8DA9F56-5826-4161-9062-AC1F4B4B1BAD}.Release|Any CPU.ActiveCfg = Release|Any CPU
		{A8DA9F56-5826-4161-9062-AC1F4B4B1BAD}.Release|Any CPU.Build.0 = Release|Any CPU
		{A8DA9F56-5826-4161-9062-AC1F4B4B1BAD}.Release|x64.ActiveCfg = Release|Any CPU
		{A8DA9F56-5826-4161-9062-AC1F4B4B1BAD}.Release|x64.Build.0 = Release|Any CPU
		{A8DA9F56-5826-4161-9062-AC1F4B4B1BAD}.Release|x86.ActiveCfg = Release|Any CPU
		{A8DA9F56-5826-4161-9062-AC1F4B4B1BAD}.Release|x86.Build.0 = Release|Any CPU
		{0D8F2852-10C6-425D-AA87-6E133D5803AF}.Debug|Any CPU.ActiveCfg = Debug|Any CPU
		{0D8F2852-10C6-425D-AA87-6E133D5803AF}.Debug|Any CPU.Build.0 = Debug|Any CPU
		{0D8F2852-10C6-425D-AA87-6E133D5803AF}.Debug|x64.ActiveCfg = Debug|Any CPU
		{0D8F2852-10C6-425D-AA87-6E133D5803AF}.Debug|x64.Build.0 = Debug|Any CPU
		{0D8F2852-10C6-425D-AA87-6E133D5803AF}.Debug|x86.ActiveCfg = Debug|Any CPU
		{0D8F2852-10C6-425D-AA87-6E133D5803AF}.Debug|x86.Build.0 = Debug|Any CPU
		{0D8F2852-10C6-425D-AA87-6E133D5803AF}.Release|Any CPU.ActiveCfg = Release|Any CPU
		{0D8F2852-10C6-425D-AA87-6E133D5803AF}.Release|Any CPU.Build.0 = Release|Any CPU
		{0D8F2852-10C6-425D-AA87-6E133D5803AF}.Release|x64.ActiveCfg = Release|Any CPU
		{0D8F2852-10C6-425D-AA87-6E133D5803AF}.Release|x64.Build.0 = Release|Any CPU
		{0D8F2852-10C6-425D-AA87-6E133D5803AF}.Release|x86.ActiveCfg = Release|Any CPU
		{0D8F2852-10C6-425D-AA87-6E133D5803AF}.Release|x86.Build.0 = Release|Any CPU
	EndGlobalSection
EndGlobal
